// !$*UTF8*$!
{
	archiveVersion = 1;
	classes = {
	};
	objectVersion = 50;
	objects = {

/* Begin PBXBuildFile section */
		04EB35AB250B7B430010ABDB /* AppDelegate.swift in Sources */ = {isa = PBXBuildFile; fileRef = 04EB35AA250B7B430010ABDB /* AppDelegate.swift */; };
		04EB35AD250B7B430010ABDB /* SceneDelegate.swift in Sources */ = {isa = PBXBuildFile; fileRef = 04EB35AC250B7B430010ABDB /* SceneDelegate.swift */; };
		04EB35B0250B7B430010ABDB /* vk_donations.xcdatamodeld in Sources */ = {isa = PBXBuildFile; fileRef = 04EB35AE250B7B430010ABDB /* vk_donations.xcdatamodeld */; };
		04EB35B2250B7B430010ABDB /* ContentView.swift in Sources */ = {isa = PBXBuildFile; fileRef = 04EB35B1250B7B430010ABDB /* ContentView.swift */; };
		04EB35B4250B7B450010ABDB /* Assets.xcassets in Resources */ = {isa = PBXBuildFile; fileRef = 04EB35B3250B7B450010ABDB /* Assets.xcassets */; };
		04EB35B7250B7B450010ABDB /* Preview Assets.xcassets in Resources */ = {isa = PBXBuildFile; fileRef = 04EB35B6250B7B450010ABDB /* Preview Assets.xcassets */; };
		04EB35BA250B7B450010ABDB /* LaunchScreen.storyboard in Resources */ = {isa = PBXBuildFile; fileRef = 04EB35B8250B7B450010ABDB /* LaunchScreen.storyboard */; };
		04EB35C5250B7B450010ABDB /* vk_donationsTests.swift in Sources */ = {isa = PBXBuildFile; fileRef = 04EB35C4250B7B450010ABDB /* vk_donationsTests.swift */; };
		04EB35D0250B7B450010ABDB /* vk_donationsUITests.swift in Sources */ = {isa = PBXBuildFile; fileRef = 04EB35CF250B7B450010ABDB /* vk_donationsUITests.swift */; };
/* End PBXBuildFile section */

/* Begin PBXContainerItemProxy section */
		04EB35C1250B7B450010ABDB /* PBXContainerItemProxy */ = {
			isa = PBXContainerItemProxy;
			containerPortal = 04EB359F250B7B420010ABDB /* Project object */;
			proxyType = 1;
			remoteGlobalIDString = 04EB35A6250B7B420010ABDB;
			remoteInfo = "vk donations";
		};
		04EB35CC250B7B450010ABDB /* PBXContainerItemProxy */ = {
			isa = PBXContainerItemProxy;
			containerPortal = 04EB359F250B7B420010ABDB /* Project object */;
			proxyType = 1;
			remoteGlobalIDString = 04EB35A6250B7B420010ABDB;
			remoteInfo = "vk donations";
		};
/* End PBXContainerItemProxy section */

/* Begin PBXFileReference section */
		04EB35A7250B7B430010ABDB /* vk donations.app */ = {isa = PBXFileReference; explicitFileType = wrapper.application; includeInIndex = 0; path = "vk donations.app"; sourceTree = BUILT_PRODUCTS_DIR; };
		04EB35AA250B7B430010ABDB /* AppDelegate.swift */ = {isa = PBXFileReference; lastKnownFileType = sourcecode.swift; path = AppDelegate.swift; sourceTree = "<group>"; };
		04EB35AC250B7B430010ABDB /* SceneDelegate.swift */ = {isa = PBXFileReference; lastKnownFileType = sourcecode.swift; path = SceneDelegate.swift; sourceTree = "<group>"; };
		04EB35AF250B7B430010ABDB /* vk_donations.xcdatamodel */ = {isa = PBXFileReference; lastKnownFileType = wrapper.xcdatamodel; path = vk_donations.xcdatamodel; sourceTree = "<group>"; };
		04EB35B1250B7B430010ABDB /* ContentView.swift */ = {isa = PBXFileReference; lastKnownFileType = sourcecode.swift; path = ContentView.swift; sourceTree = "<group>"; };
		04EB35B3250B7B450010ABDB /* Assets.xcassets */ = {isa = PBXFileReference; lastKnownFileType = folder.assetcatalog; path = Assets.xcassets; sourceTree = "<group>"; };
		04EB35B6250B7B450010ABDB /* Preview Assets.xcassets */ = {isa = PBXFileReference; lastKnownFileType = folder.assetcatalog; path = "Preview Assets.xcassets"; sourceTree = "<group>"; };
		04EB35B9250B7B450010ABDB /* Base */ = {isa = PBXFileReference; lastKnownFileType = file.storyboard; name = Base; path = Base.lproj/LaunchScreen.storyboard; sourceTree = "<group>"; };
		04EB35BB250B7B450010ABDB /* Info.plist */ = {isa = PBXFileReference; lastKnownFileType = text.plist.xml; path = Info.plist; sourceTree = "<group>"; };
		04EB35C0250B7B450010ABDB /* vk donationsTests.xctest */ = {isa = PBXFileReference; explicitFileType = wrapper.cfbundle; includeInIndex = 0; path = "vk donationsTests.xctest"; sourceTree = BUILT_PRODUCTS_DIR; };
		04EB35C4250B7B450010ABDB /* vk_donationsTests.swift */ = {isa = PBXFileReference; lastKnownFileType = sourcecode.swift; path = vk_donationsTests.swift; sourceTree = "<group>"; };
		04EB35C6250B7B450010ABDB /* Info.plist */ = {isa = PBXFileReference; lastKnownFileType = text.plist.xml; path = Info.plist; sourceTree = "<group>"; };
		04EB35CB250B7B450010ABDB /* vk donationsUITests.xctest */ = {isa = PBXFileReference; explicitFileType = wrapper.cfbundle; includeInIndex = 0; path = "vk donationsUITests.xctest"; sourceTree = BUILT_PRODUCTS_DIR; };
		04EB35CF250B7B450010ABDB /* vk_donationsUITests.swift */ = {isa = PBXFileReference; lastKnownFileType = sourcecode.swift; path = vk_donationsUITests.swift; sourceTree = "<group>"; };
		04EB35D1250B7B450010ABDB /* Info.plist */ = {isa = PBXFileReference; lastKnownFileType = text.plist.xml; path = Info.plist; sourceTree = "<group>"; };
/* End PBXFileReference section */

/* Begin PBXFrameworksBuildPhase section */
		04EB35A4250B7B420010ABDB /* Frameworks */ = {
			isa = PBXFrameworksBuildPhase;
			buildActionMask = 2147483647;
			files = (
			);
			runOnlyForDeploymentPostprocessing = 0;
		};
		04EB35BD250B7B450010ABDB /* Frameworks */ = {
			isa = PBXFrameworksBuildPhase;
			buildActionMask = 2147483647;
			files = (
			);
			runOnlyForDeploymentPostprocessing = 0;
		};
		04EB35C8250B7B450010ABDB /* Frameworks */ = {
			isa = PBXFrameworksBuildPhase;
			buildActionMask = 2147483647;
			files = (
			);
			runOnlyForDeploymentPostprocessing = 0;
		};
/* End PBXFrameworksBuildPhase section */

/* Begin PBXGroup section */
		04EB359E250B7B420010ABDB = {
			isa = PBXGroup;
			children = (
				04EB35A9250B7B430010ABDB /* vk donations */,
				04EB35C3250B7B450010ABDB /* vk donationsTests */,
				04EB35CE250B7B450010ABDB /* vk donationsUITests */,
				04EB35A8250B7B430010ABDB /* Products */,
			);
			sourceTree = "<group>";
		};
		04EB35A8250B7B430010ABDB /* Products */ = {
			isa = PBXGroup;
			children = (
				04EB35A7250B7B430010ABDB /* vk donations.app */,
				04EB35C0250B7B450010ABDB /* vk donationsTests.xctest */,
				04EB35CB250B7B450010ABDB /* vk donationsUITests.xctest */,
			);
			name = Products;
			sourceTree = "<group>";
		};
		04EB35A9250B7B430010ABDB /* vk donations */ = {
			isa = PBXGroup;
			children = (
				04EB35AA250B7B430010ABDB /* AppDelegate.swift */,
				04EB35AC250B7B430010ABDB /* SceneDelegate.swift */,
				04EB35B1250B7B430010ABDB /* ContentView.swift */,
				04EB35B3250B7B450010ABDB /* Assets.xcassets */,
				04EB35B8250B7B450010ABDB /* LaunchScreen.storyboard */,
				04EB35BB250B7B450010ABDB /* Info.plist */,
				04EB35AE250B7B430010ABDB /* vk_donations.xcdatamodeld */,
				04EB35B5250B7B450010ABDB /* Preview Content */,
			);
			path = "vk donations";
			sourceTree = "<group>";
		};
		04EB35B5250B7B450010ABDB /* Preview Content */ = {
			isa = PBXGroup;
			children = (
				04EB35B6250B7B450010ABDB /* Preview Assets.xcassets */,
			);
			path = "Preview Content";
			sourceTree = "<group>";
		};
		04EB35C3250B7B450010ABDB /* vk donationsTests */ = {
			isa = PBXGroup;
			children = (
				04EB35C4250B7B450010ABDB /* vk_donationsTests.swift */,
				04EB35C6250B7B450010ABDB /* Info.plist */,
			);
			path = "vk donationsTests";
			sourceTree = "<group>";
		};
		04EB35CE250B7B450010ABDB /* vk donationsUITests */ = {
			isa = PBXGroup;
			children = (
				04EB35CF250B7B450010ABDB /* vk_donationsUITests.swift */,
				04EB35D1250B7B450010ABDB /* Info.plist */,
			);
			path = "vk donationsUITests";
			sourceTree = "<group>";
		};
/* End PBXGroup section */

/* Begin PBXNativeTarget section */
		04EB35A6250B7B420010ABDB /* vk donations */ = {
			isa = PBXNativeTarget;
			buildConfigurationList = 04EB35D4250B7B450010ABDB /* Build configuration list for PBXNativeTarget "vk donations" */;
			buildPhases = (
				04EB35A3250B7B420010ABDB /* Sources */,
				04EB35A4250B7B420010ABDB /* Frameworks */,
				04EB35A5250B7B420010ABDB /* Resources */,
			);
			buildRules = (
			);
			dependencies = (
			);
			name = "vk donations";
			productName = "vk donations";
			productReference = 04EB35A7250B7B430010ABDB /* vk donations.app */;
			productType = "com.apple.product-type.application";
		};
		04EB35BF250B7B450010ABDB /* vk donationsTests */ = {
			isa = PBXNativeTarget;
			buildConfigurationList = 04EB35D7250B7B450010ABDB /* Build configuration list for PBXNativeTarget "vk donationsTests" */;
			buildPhases = (
				04EB35BC250B7B450010ABDB /* Sources */,
				04EB35BD250B7B450010ABDB /* Frameworks */,
				04EB35BE250B7B450010ABDB /* Resources */,
			);
			buildRules = (
			);
			dependencies = (
				04EB35C2250B7B450010ABDB /* PBXTargetDependency */,
			);
			name = "vk donationsTests";
			productName = "vk donationsTests";
			productReference = 04EB35C0250B7B450010ABDB /* vk donationsTests.xctest */;
			productType = "com.apple.product-type.bundle.unit-test";
		};
		04EB35CA250B7B450010ABDB /* vk donationsUITests */ = {
			isa = PBXNativeTarget;
			buildConfigurationList = 04EB35DA250B7B450010ABDB /* Build configuration list for PBXNativeTarget "vk donationsUITests" */;
			buildPhases = (
				04EB35C7250B7B450010ABDB /* Sources */,
				04EB35C8250B7B450010ABDB /* Frameworks */,
				04EB35C9250B7B450010ABDB /* Resources */,
			);
			buildRules = (
			);
			dependencies = (
				04EB35CD250B7B450010ABDB /* PBXTargetDependency */,
			);
			name = "vk donationsUITests";
			productName = "vk donationsUITests";
			productReference = 04EB35CB250B7B450010ABDB /* vk donationsUITests.xctest */;
			productType = "com.apple.product-type.bundle.ui-testing";
		};
/* End PBXNativeTarget section */

/* Begin PBXProject section */
		04EB359F250B7B420010ABDB /* Project object */ = {
			isa = PBXProject;
			attributes = {
				LastSwiftUpdateCheck = 1200;
				LastUpgradeCheck = 1200;
				TargetAttributes = {
					04EB35A6250B7B420010ABDB = {
						CreatedOnToolsVersion = 12.0;
					};
					04EB35BF250B7B450010ABDB = {
						CreatedOnToolsVersion = 12.0;
						TestTargetID = 04EB35A6250B7B420010ABDB;
					};
					04EB35CA250B7B450010ABDB = {
						CreatedOnToolsVersion = 12.0;
						TestTargetID = 04EB35A6250B7B420010ABDB;
					};
				};
			};
			buildConfigurationList = 04EB35A2250B7B420010ABDB /* Build configuration list for PBXProject "vk donations" */;
			compatibilityVersion = "Xcode 9.3";
			developmentRegion = en;
			hasScannedForEncodings = 0;
			knownRegions = (
				en,
				Base,
			);
			mainGroup = 04EB359E250B7B420010ABDB;
			productRefGroup = 04EB35A8250B7B430010ABDB /* Products */;
			projectDirPath = "";
			projectRoot = "";
			targets = (
				04EB35A6250B7B420010ABDB /* vk donations */,
				04EB35BF250B7B450010ABDB /* vk donationsTests */,
				04EB35CA250B7B450010ABDB /* vk donationsUITests */,
			);
		};
/* End PBXProject section */

/* Begin PBXResourcesBuildPhase section */
		04EB35A5250B7B420010ABDB /* Resources */ = {
			isa = PBXResourcesBuildPhase;
			buildActionMask = 2147483647;
			files = (
				04EB35BA250B7B450010ABDB /* LaunchScreen.storyboard in Resources */,
				04EB35B7250B7B450010ABDB /* Preview Assets.xcassets in Resources */,
				04EB35B4250B7B450010ABDB /* Assets.xcassets in Resources */,
			);
			runOnlyForDeploymentPostprocessing = 0;
		};
		04EB35BE250B7B450010ABDB /* Resources */ = {
			isa = PBXResourcesBuildPhase;
			buildActionMask = 2147483647;
			files = (
			);
			runOnlyForDeploymentPostprocessing = 0;
		};
		04EB35C9250B7B450010ABDB /* Resources */ = {
			isa = PBXResourcesBuildPhase;
			buildActionMask = 2147483647;
			files = (
			);
			runOnlyForDeploymentPostprocessing = 0;
		};
/* End PBXResourcesBuildPhase section */

/* Begin PBXSourcesBuildPhase section */
		04EB35A3250B7B420010ABDB /* Sources */ = {
			isa = PBXSourcesBuildPhase;
			buildActionMask = 2147483647;
			files = (
				04EB35AB250B7B430010ABDB /* AppDelegate.swift in Sources */,
				04EB35AD250B7B430010ABDB /* SceneDelegate.swift in Sources */,
				04EB35B2250B7B430010ABDB /* ContentView.swift in Sources */,
				04EB35B0250B7B430010ABDB /* vk_donations.xcdatamodeld in Sources */,
			);
			runOnlyForDeploymentPostprocessing = 0;
		};
		04EB35BC250B7B450010ABDB /* Sources */ = {
			isa = PBXSourcesBuildPhase;
			buildActionMask = 2147483647;
			files = (
				04EB35C5250B7B450010ABDB /* vk_donationsTests.swift in Sources */,
			);
			runOnlyForDeploymentPostprocessing = 0;
		};
		04EB35C7250B7B450010ABDB /* Sources */ = {
			isa = PBXSourcesBuildPhase;
			buildActionMask = 2147483647;
			files = (
				04EB35D0250B7B450010ABDB /* vk_donationsUITests.swift in Sources */,
			);
			runOnlyForDeploymentPostprocessing = 0;
		};
/* End PBXSourcesBuildPhase section */

/* Begin PBXTargetDependency section */
		04EB35C2250B7B450010ABDB /* PBXTargetDependency */ = {
			isa = PBXTargetDependency;
			target = 04EB35A6250B7B420010ABDB /* vk donations */;
			targetProxy = 04EB35C1250B7B450010ABDB /* PBXContainerItemProxy */;
		};
		04EB35CD250B7B450010ABDB /* PBXTargetDependency */ = {
			isa = PBXTargetDependency;
			target = 04EB35A6250B7B420010ABDB /* vk donations */;
			targetProxy = 04EB35CC250B7B450010ABDB /* PBXContainerItemProxy */;
		};
/* End PBXTargetDependency section */

/* Begin PBXVariantGroup section */
		04EB35B8250B7B450010ABDB /* LaunchScreen.storyboard */ = {
			isa = PBXVariantGroup;
			children = (
				04EB35B9250B7B450010ABDB /* Base */,
			);
			name = LaunchScreen.storyboard;
			sourceTree = "<group>";
		};
/* End PBXVariantGroup section */

/* Begin XCBuildConfiguration section */
		04EB35D2250B7B450010ABDB /* Debug */ = {
			isa = XCBuildConfiguration;
			buildSettings = {
				ALWAYS_SEARCH_USER_PATHS = NO;
				CLANG_ANALYZER_NONNULL = YES;
				CLANG_ANALYZER_NUMBER_OBJECT_CONVERSION = YES_AGGRESSIVE;
				CLANG_CXX_LANGUAGE_STANDARD = "gnu++14";
				CLANG_CXX_LIBRARY = "libc++";
				CLANG_ENABLE_MODULES = YES;
				CLANG_ENABLE_OBJC_ARC = YES;
				CLANG_ENABLE_OBJC_WEAK = YES;
				CLANG_WARN_BLOCK_CAPTURE_AUTORELEASING = YES;
				CLANG_WARN_BOOL_CONVERSION = YES;
				CLANG_WARN_COMMA = YES;
				CLANG_WARN_CONSTANT_CONVERSION = YES;
				CLANG_WARN_DEPRECATED_OBJC_IMPLEMENTATIONS = YES;
				CLANG_WARN_DIRECT_OBJC_ISA_USAGE = YES_ERROR;
				CLANG_WARN_DOCUMENTATION_COMMENTS = YES;
				CLANG_WARN_EMPTY_BODY = YES;
				CLANG_WARN_ENUM_CONVERSION = YES;
				CLANG_WARN_INFINITE_RECURSION = YES;
				CLANG_WARN_INT_CONVERSION = YES;
				CLANG_WARN_NON_LITERAL_NULL_CONVERSION = YES;
				CLANG_WARN_OBJC_IMPLICIT_RETAIN_SELF = YES;
				CLANG_WARN_OBJC_LITERAL_CONVERSION = YES;
				CLANG_WARN_OBJC_ROOT_CLASS = YES_ERROR;
				CLANG_WARN_QUOTED_INCLUDE_IN_FRAMEWORK_HEADER = YES;
				CLANG_WARN_RANGE_LOOP_ANALYSIS = YES;
				CLANG_WARN_STRICT_PROTOTYPES = YES;
				CLANG_WARN_SUSPICIOUS_MOVE = YES;
				CLANG_WARN_UNGUARDED_AVAILABILITY = YES_AGGRESSIVE;
				CLANG_WARN_UNREACHABLE_CODE = YES;
				CLANG_WARN__DUPLICATE_METHOD_MATCH = YES;
				COPY_PHASE_STRIP = NO;
				DEBUG_INFORMATION_FORMAT = dwarf;
				ENABLE_STRICT_OBJC_MSGSEND = YES;
				ENABLE_TESTABILITY = YES;
				GCC_C_LANGUAGE_STANDARD = gnu11;
				GCC_DYNAMIC_NO_PIC = NO;
				GCC_NO_COMMON_BLOCKS = YES;
				GCC_OPTIMIZATION_LEVEL = 0;
				GCC_PREPROCESSOR_DEFINITIONS = (
					"DEBUG=1",
					"$(inherited)",
				);
				GCC_WARN_64_TO_32_BIT_CONVERSION = YES;
				GCC_WARN_ABOUT_RETURN_TYPE = YES_ERROR;
				GCC_WARN_UNDECLARED_SELECTOR = YES;
				GCC_WARN_UNINITIALIZED_AUTOS = YES_AGGRESSIVE;
				GCC_WARN_UNUSED_FUNCTION = YES;
				GCC_WARN_UNUSED_VARIABLE = YES;
				IPHONEOS_DEPLOYMENT_TARGET = 14.0;
				MTL_ENABLE_DEBUG_INFO = INCLUDE_SOURCE;
				MTL_FAST_MATH = YES;
				ONLY_ACTIVE_ARCH = YES;
				SDKROOT = iphoneos;
				SWIFT_ACTIVE_COMPILATION_CONDITIONS = DEBUG;
				SWIFT_OPTIMIZATION_LEVEL = "-Onone";
			};
			name = Debug;
		};
		04EB35D3250B7B450010ABDB /* Release */ = {
			isa = XCBuildConfiguration;
			buildSettings = {
				ALWAYS_SEARCH_USER_PATHS = NO;
				CLANG_ANALYZER_NONNULL = YES;
				CLANG_ANALYZER_NUMBER_OBJECT_CONVERSION = YES_AGGRESSIVE;
				CLANG_CXX_LANGUAGE_STANDARD = "gnu++14";
				CLANG_CXX_LIBRARY = "libc++";
				CLANG_ENABLE_MODULES = YES;
				CLANG_ENABLE_OBJC_ARC = YES;
				CLANG_ENABLE_OBJC_WEAK = YES;
				CLANG_WARN_BLOCK_CAPTURE_AUTORELEASING = YES;
				CLANG_WARN_BOOL_CONVERSION = YES;
				CLANG_WARN_COMMA = YES;
				CLANG_WARN_CONSTANT_CONVERSION = YES;
				CLANG_WARN_DEPRECATED_OBJC_IMPLEMENTATIONS = YES;
				CLANG_WARN_DIRECT_OBJC_ISA_USAGE = YES_ERROR;
				CLANG_WARN_DOCUMENTATION_COMMENTS = YES;
				CLANG_WARN_EMPTY_BODY = YES;
				CLANG_WARN_ENUM_CONVERSION = YES;
				CLANG_WARN_INFINITE_RECURSION = YES;
				CLANG_WARN_INT_CONVERSION = YES;
				CLANG_WARN_NON_LITERAL_NULL_CONVERSION = YES;
				CLANG_WARN_OBJC_IMPLICIT_RETAIN_SELF = YES;
				CLANG_WARN_OBJC_LITERAL_CONVERSION = YES;
				CLANG_WARN_OBJC_ROOT_CLASS = YES_ERROR;
				CLANG_WARN_QUOTED_INCLUDE_IN_FRAMEWORK_HEADER = YES;
				CLANG_WARN_RANGE_LOOP_ANALYSIS = YES;
				CLANG_WARN_STRICT_PROTOTYPES = YES;
				CLANG_WARN_SUSPICIOUS_MOVE = YES;
				CLANG_WARN_UNGUARDED_AVAILABILITY = YES_AGGRESSIVE;
				CLANG_WARN_UNREACHABLE_CODE = YES;
				CLANG_WARN__DUPLICATE_METHOD_MATCH = YES;
				COPY_PHASE_STRIP = NO;
				DEBUG_INFORMATION_FORMAT = "dwarf-with-dsym";
				ENABLE_NS_ASSERTIONS = NO;
				ENABLE_STRICT_OBJC_MSGSEND = YES;
				GCC_C_LANGUAGE_STANDARD = gnu11;
				GCC_NO_COMMON_BLOCKS = YES;
				GCC_WARN_64_TO_32_BIT_CONVERSION = YES;
				GCC_WARN_ABOUT_RETURN_TYPE = YES_ERROR;
				GCC_WARN_UNDECLARED_SELECTOR = YES;
				GCC_WARN_UNINITIALIZED_AUTOS = YES_AGGRESSIVE;
				GCC_WARN_UNUSED_FUNCTION = YES;
				GCC_WARN_UNUSED_VARIABLE = YES;
				IPHONEOS_DEPLOYMENT_TARGET = 14.0;
				MTL_ENABLE_DEBUG_INFO = NO;
				MTL_FAST_MATH = YES;
				SDKROOT = iphoneos;
				SWIFT_COMPILATION_MODE = wholemodule;
				SWIFT_OPTIMIZATION_LEVEL = "-O";
				VALIDATE_PRODUCT = YES;
			};
			name = Release;
		};
		04EB35D5250B7B450010ABDB /* Debug */ = {
			isa = XCBuildConfiguration;
			buildSettings = {
				ASSETCATALOG_COMPILER_APPICON_NAME = AppIcon;
				ASSETCATALOG_COMPILER_GLOBAL_ACCENT_COLOR_NAME = AccentColor;
				CODE_SIGN_STYLE = Automatic;
				DEVELOPMENT_ASSET_PATHS = "\"vk donations/Preview Content\"";
				DEVELOPMENT_TEAM = 757AQD525H;
				ENABLE_PREVIEWS = YES;
				INFOPLIST_FILE = "vk donations/Info.plist";
				IPHONEOS_DEPLOYMENT_TARGET = 13.0;
				LD_RUNPATH_SEARCH_PATHS = (
					"$(inherited)",
					"@executable_path/Frameworks",
				);
				PRODUCT_BUNDLE_IDENTIFIER = "alexandrov.vk-donations";
				PRODUCT_NAME = "$(TARGET_NAME)";
				SWIFT_VERSION = 5.0;
				TARGETED_DEVICE_FAMILY = "1,2";
			};
			name = Debug;
		};
		04EB35D6250B7B450010ABDB /* Release */ = {
			isa = XCBuildConfiguration;
			buildSettings = {
				ASSETCATALOG_COMPILER_APPICON_NAME = AppIcon;
				ASSETCATALOG_COMPILER_GLOBAL_ACCENT_COLOR_NAME = AccentColor;
				CODE_SIGN_STYLE = Automatic;
				DEVELOPMENT_ASSET_PATHS = "\"vk donations/Preview Content\"";
				DEVELOPMENT_TEAM = 757AQD525H;
				ENABLE_PREVIEWS = YES;
				INFOPLIST_FILE = "vk donations/Info.plist";
				IPHONEOS_DEPLOYMENT_TARGET = 13.0;
				LD_RUNPATH_SEARCH_PATHS = (
					"$(inherited)",
					"@executable_path/Frameworks",
				);
				PRODUCT_BUNDLE_IDENTIFIER = "alexandrov.vk-donations";
				PRODUCT_NAME = "$(TARGET_NAME)";
				SWIFT_VERSION = 5.0;
				TARGETED_DEVICE_FAMILY = "1,2";
			};
			name = Release;
		};
		04EB35D8250B7B450010ABDB /* Debug */ = {
			isa = XCBuildConfiguration;
			buildSettings = {
				ALWAYS_EMBED_SWIFT_STANDARD_LIBRARIES = YES;
				BUNDLE_LOADER = "$(TEST_HOST)";
				CODE_SIGN_STYLE = Automatic;
				DEVELOPMENT_TEAM = 757AQD525H;
				INFOPLIST_FILE = "vk donationsTests/Info.plist";
				IPHONEOS_DEPLOYMENT_TARGET = 14.0;
				LD_RUNPATH_SEARCH_PATHS = (
					"$(inherited)",
					"@executable_path/Frameworks",
					"@loader_path/Frameworks",
				);
				PRODUCT_BUNDLE_IDENTIFIER = "alexandrov.vk-donationsTests";
				PRODUCT_NAME = "$(TARGET_NAME)";
				SWIFT_VERSION = 5.0;
				TARGETED_DEVICE_FAMILY = "1,2";
				TEST_HOST = "$(BUILT_PRODUCTS_DIR)/vk donations.app/vk donations";
			};
			name = Debug;
		};
		04EB35D9250B7B450010ABDB /* Release */ = {
			isa = XCBuildConfiguration;
			buildSettings = {
				ALWAYS_EMBED_SWIFT_STANDARD_LIBRARIES = YES;
				BUNDLE_LOADER = "$(TEST_HOST)";
				CODE_SIGN_STYLE = Automatic;
				DEVELOPMENT_TEAM = 757AQD525H;
				INFOPLIST_FILE = "vk donationsTests/Info.plist";
				IPHONEOS_DEPLOYMENT_TARGET = 14.0;
				LD_RUNPATH_SEARCH_PATHS = (
					"$(inherited)",
					"@executable_path/Frameworks",
					"@loader_path/Frameworks",
				);
				PRODUCT_BUNDLE_IDENTIFIER = "alexandrov.vk-donationsTests";
				PRODUCT_NAME = "$(TARGET_NAME)";
				SWIFT_VERSION = 5.0;
				TARGETED_DEVICE_FAMILY = "1,2";
				TEST_HOST = "$(BUILT_PRODUCTS_DIR)/vk donations.app/vk donations";
			};
			name = Release;
		};
		04EB35DB250B7B450010ABDB /* Debug */ = {
			isa = XCBuildConfiguration;
			buildSettings = {
				ALWAYS_EMBED_SWIFT_STANDARD_LIBRARIES = YES;
				CODE_SIGN_STYLE = Automatic;
				DEVELOPMENT_TEAM = 757AQD525H;
				INFOPLIST_FILE = "vk donationsUITests/Info.plist";
				LD_RUNPATH_SEARCH_PATHS = (
					"$(inherited)",
					"@executable_path/Frameworks",
					"@loader_path/Frameworks",
				);
				PRODUCT_BUNDLE_IDENTIFIER = "alexandrov.vk-donationsUITests";
				PRODUCT_NAME = "$(TARGET_NAME)";
				SWIFT_VERSION = 5.0;
				TARGETED_DEVICE_FAMILY = "1,2";
				TEST_TARGET_NAME = "vk donations";
			};
			name = Debug;
		};
		04EB35DC250B7B450010ABDB /* Release */ = {
			isa = XCBuildConfiguration;
			buildSettings = {
				ALWAYS_EMBED_SWIFT_STANDARD_LIBRARIES = YES;
				CODE_SIGN_STYLE = Automatic;
				DEVELOPMENT_TEAM = 757AQD525H;
				INFOPLIST_FILE = "vk donationsUITests/Info.plist";
				LD_RUNPATH_SEARCH_PATHS = (
					"$(inherited)",
					"@executable_path/Frameworks",
					"@loader_path/Frameworks",
				);
				PRODUCT_BUNDLE_IDENTIFIER = "alexandrov.vk-donationsUITests";
				PRODUCT_NAME = "$(TARGET_NAME)";
				SWIFT_VERSION = 5.0;
				TARGETED_DEVICE_FAMILY = "1,2";
				TEST_TARGET_NAME = "vk donations";
			};
			name = Release;
		};
/* End XCBuildConfiguration section */

/* Begin XCConfigurationList section */
		04EB35A2250B7B420010ABDB /* Build configuration list for PBXProject "vk donations" */ = {
			isa = XCConfigurationList;
			buildConfigurations = (
				04EB35D2250B7B450010ABDB /* Debug */,
				04EB35D3250B7B450010ABDB /* Release */,
			);
			defaultConfigurationIsVisible = 0;
			defaultConfigurationName = Release;
		};
		04EB35D4250B7B450010ABDB /* Build configuration list for PBXNativeTarget "vk donations" */ = {
			isa = XCConfigurationList;
			buildConfigurations = (
				04EB35D5250B7B450010ABDB /* Debug */,
				04EB35D6250B7B450010ABDB /* Release */,
			);
			defaultConfigurationIsVisible = 0;
			defaultConfigurationName = Release;
		};
		04EB35D7250B7B450010ABDB /* Build configuration list for PBXNativeTarget "vk donationsTests" */ = {
			isa = XCConfigurationList;
			buildConfigurations = (
				04EB35D8250B7B450010ABDB /* Debug */,
				04EB35D9250B7B450010ABDB /* Release */,
			);
			defaultConfigurationIsVisible = 0;
			defaultConfigurationName = Release;
		};
		04EB35DA250B7B450010ABDB /* Build configuration list for PBXNativeTarget "vk donationsUITests" */ = {
			isa = XCConfigurationList;
			buildConfigurations = (
				04EB35DB250B7B450010ABDB /* Debug */,
				04EB35DC250B7B450010ABDB /* Release */,
			);
			defaultConfigurationIsVisible = 0;
			defaultConfigurationName = Release;
		};
/* End XCConfigurationList section */

/* Begin XCVersionGroup section */
		04EB35AE250B7B430010ABDB /* vk_donations.xcdatamodeld */ = {
			isa = XCVersionGroup;
			children = (
				04EB35AF250B7B430010ABDB /* vk_donations.xcdatamodel */,
			);
			currentVersion = 04EB35AF250B7B430010ABDB /* vk_donations.xcdatamodel */;
			path = vk_donations.xcdatamodeld;
			sourceTree = "<group>";
			versionGroupType = wrapper.xcdatamodel;
		};
/* End XCVersionGroup section */
	};
	rootObject = 04EB359F250B7B420010ABDB /* Project object */;
}
